Microsoft Visual Studio Solution File, Format Version 12.00
# Visual Studio 2013
VisualStudioVersion = 12.0.31101.0
MinimumVisualStudioVersion = 10.0.40219.1
Project("{FAE04EC0-301F-11D3-BF4B-00C04F79EFBC}") = "Dapper.Accelr8.Repo", "..\Dapper.Accelr8.Repo\Dapper.Accelr8.Repo.csproj", "{1120E03D-8004-43CC-AF1B-75A5B424B595}"
EndProject
Project("{FAE04EC0-301F-11D3-BF4B-00C04F79EFBC}") = "Dapper.Accelr8.Sql", "..\Dapper.Accelr8.Sql\Dapper.Accelr8.Sql.csproj", "{5816CBBB-0201-490E-BB0A-8D8B69845905}"
EndProject
Project("{FAE04EC0-301F-11D3-BF4B-00C04F79EFBC}") = "Dapper.Accelr8.Domain", "..\Dapper.Accelr8.Domain\Dapper.Accelr8.Domain.csproj", "{885C760D-588F-4C7B-94C9-C5442FE0754E}"
EndProject
Global
	GlobalSection(SolutionConfigurationPlatforms) = preSolution
		Debug|Any CPU = Debug|Any CPU
		Release|Any CPU = Release|Any CPU
	EndGlobalSection
	GlobalSection(ProjectConfigurationPlatforms) = postSolution
		{1120E03D-8004-43CC-AF1B-75A5B424B595}.Debug|Any CPU.ActiveCfg = Debug|Any CPU
		{1120E03D-8004-43CC-AF1B-75A5B424B595}.Debug|Any CPU.Build.0 = Debug|Any CPU
		{1120E03D-8004-43CC-AF1B-75A5B424B595}.Release|Any CPU.ActiveCfg = Release|Any CPU
		{1120E03D-8004-43CC-AF1B-75A5B424B595}.Release|Any CPU.Build.0 = Release|Any CPU
		{5816CBBB-0201-490E-BB0A-8D8B69845905}.Debug|Any CPU.ActiveCfg = Debug|Any CPU
		{5816CBBB-0201-490E-BB0A-8D8B69845905}.Debug|Any CPU.Build.0 = Debug|Any CPU
		{5816CBBB-0201-490E-BB0A-8D8B69845905}.Release|Any CPU.ActiveCfg = Release|Any CPU
		{5816CBBB-0201-490E-BB0A-8D8B69845905}.Release|Any CPU.Build.0 = Release|Any CPU
		{885C760D-588F-4C7B-94C9-C5442FE0754E}.Debug|Any CPU.ActiveCfg = Debug|Any CPU
		{885C760D-588F-4C7B-94C9-C5442FE0754E}.Debug|Any CPU.Build.0 = Debug|Any CPU
		{885C760D-588F-4C7B-94C9-C5442FE0754E}.Release|Any CPU.ActiveCfg = Release|Any CPU
		{885C760D-588F-4C7B-94C9-C5442FE0754E}.Release|Any CPU.Build.0 = Release|Any CPU
	EndGlobalSection
	GlobalSection(SolutionProperties) = preSolution
		HideSolutionNode = FALSE
	EndGlobalSection
EndGlobal
